
Microsoft Visual Studio Solution File, Format Version 12.00
# Visual Studio Version 17
VisualStudioVersion = 17.9.34902.65
MinimumVisualStudioVersion = 10.0.40219.1
Project("{FAE04EC0-301F-11D3-BF4B-00C04F79EFBC}") = "ChatClient", "ChatClient\ChatClient.csproj", "{96DB10C1-B22C-4608-B6BA-C3087A85B894}"
EndProject
Project("{FAE04EC0-301F-11D3-BF4B-00C04F79EFBC}") = "ChatServer", "ChatServer\ChatServer.csproj", "{326D80F1-81E7-4944-BDC9-855F28DB6051}"
EndProject
Global
	GlobalSection(SolutionConfigurationPlatforms) = preSolution
		Debug|Any CPU = Debug|Any CPU
		Release|Any CPU = Release|Any CPU
	EndGlobalSection
	GlobalSection(ProjectConfigurationPlatforms) = postSolution
		{96DB10C1-B22C-4608-B6BA-C3087A85B894}.Debug|Any CPU.ActiveCfg = Debug|Any CPU
		{96DB10C1-B22C-4608-B6BA-C3087A85B894}.Debug|Any CPU.Build.0 = Debug|Any CPU
		{96DB10C1-B22C-4608-B6BA-C3087A85B894}.Release|Any CPU.ActiveCfg = Release|Any CPU
		{96DB10C1-B22C-4608-B6BA-C3087A85B894}.Release|Any CPU.Build.0 = Release|Any CPU
		{326D80F1-81E7-4944-BDC9-855F28DB6051}.Debug|Any CPU.ActiveCfg = Debug|Any CPU
		{326D80F1-81E7-4944-BDC9-855F28DB6051}.Debug|Any CPU.Build.0 = Debug|Any CPU
		{326D80F1-81E7-4944-BDC9-855F28DB6051}.Release|Any CPU.ActiveCfg = Release|Any CPU
		{326D80F1-81E7-4944-BDC9-855F28DB6051}.Release|Any CPU.Build.0 = Release|Any CPU
	EndGlobalSection
	GlobalSection(SolutionProperties) = preSolution
		HideSolutionNode = FALSE
	EndGlobalSection
	GlobalSection(ExtensibilityGlobals) = postSolution
		SolutionGuid = {FCACB40F-C312-41DD-8758-356D66C0C2C3}
	EndGlobalSection
EndGlobal
